
Microsoft Visual Studio Solution File, Format Version 12.00
# Visual Studio Version 17
VisualStudioVersion = 17.9.34714.143
MinimumVisualStudioVersion = 10.0.40219.1
Project("{54A90642-561A-4BB1-A94E-469ADEE60C69}") = "HealthCheck", "HealthCheck\HealthCheck.esproj", "{DEC778DF-EAE0-4254-80E3-15467149D485}"
EndProject
Project("{FAE04EC0-301F-11D3-BF4B-00C04F79EFBC}") = "HealthCheckAPI", "HealthCheckAPI\HealthCheckAPI.csproj", "{DCF054AD-95B2-45E9-872B-4E4A0469068B}"
EndProject
Global
	GlobalSection(SolutionConfigurationPlatforms) = preSolution
		Debug|Any CPU = Debug|Any CPU
		Release|Any CPU = Release|Any CPU
	EndGlobalSection
	GlobalSection(ProjectConfigurationPlatforms) = postSolution
		{DEC778DF-EAE0-4254-80E3-15467149D485}.Debug|Any CPU.ActiveCfg = Debug|Any CPU
		{DEC778DF-EAE0-4254-80E3-15467149D485}.Debug|Any CPU.Build.0 = Debug|Any CPU
		{DEC778DF-EAE0-4254-80E3-15467149D485}.Debug|Any CPU.Deploy.0 = Debug|Any CPU
		{DEC778DF-EAE0-4254-80E3-15467149D485}.Release|Any CPU.ActiveCfg = Release|Any CPU
		{DEC778DF-EAE0-4254-80E3-15467149D485}.Release|Any CPU.Build.0 = Release|Any CPU
		{DEC778DF-EAE0-4254-80E3-15467149D485}.Release|Any CPU.Deploy.0 = Release|Any CPU
		{DCF054AD-95B2-45E9-872B-4E4A0469068B}.Debug|Any CPU.ActiveCfg = Debug|Any CPU
		{DCF054AD-95B2-45E9-872B-4E4A0469068B}.Debug|Any CPU.Build.0 = Debug|Any CPU
		{DCF054AD-95B2-45E9-872B-4E4A0469068B}.Release|Any CPU.ActiveCfg = Release|Any CPU
		{DCF054AD-95B2-45E9-872B-4E4A0469068B}.Release|Any CPU.Build.0 = Release|Any CPU
	EndGlobalSection
	GlobalSection(SolutionProperties) = preSolution
		HideSolutionNode = FALSE
	EndGlobalSection
	GlobalSection(ExtensibilityGlobals) = postSolution
		SolutionGuid = {0106003D-5C72-4606-BCC5-03299372C0C3}
	EndGlobalSection
EndGlobal
